
Microsoft Visual Studio Solution File, Format Version 12.00
# Visual Studio 15
VisualStudioVersion = 15.0.28307.645
MinimumVisualStudioVersion = 10.0.40219.1
Project("{FAE04EC0-301F-11D3-BF4B-00C04F79EFBC}") = "websocket-sharp-demo", "websocket-sharp-demo\websocket-sharp-demo.csproj", "{EFF4FD12-D7AC-466D-938D-C4881A686B3E}"
EndProject
Global
	GlobalSection(SolutionConfigurationPlatforms) = preSolution
		Debug|Any CPU = Debug|Any CPU
		Release|Any CPU = Release|Any CPU
	EndGlobalSection
	GlobalSection(ProjectConfigurationPlatforms) = postSolution
		{EFF4FD12-D7AC-466D-938D-C4881A686B3E}.Debug|Any CPU.ActiveCfg = Debug|Any CPU
		{EFF4FD12-D7AC-466D-938D-C4881A686B3E}.Debug|Any CPU.Build.0 = Debug|Any CPU
		{EFF4FD12-D7AC-466D-938D-C4881A686B3E}.Release|Any CPU.ActiveCfg = Release|Any CPU
		{EFF4FD12-D7AC-466D-938D-C4881A686B3E}.Release|Any CPU.Build.0 = Release|Any CPU
	EndGlobalSection
	GlobalSection(SolutionProperties) = preSolution
		HideSolutionNode = FALSE
	EndGlobalSection
	GlobalSection(ExtensibilityGlobals) = postSolution
		SolutionGuid = {9AF96435-4D95-4A7D-99A5-85DE60DBECD3}
	EndGlobalSection
EndGlobal
